// !$*UTF8*$!
{
	archiveVersion = 1;
	classes = {
	};
	objectVersion = 51;
	objects = {

/* Begin PBXBuildFile section */
		19017516223F3E3E00B6793A /* InTheClear.png in Resources */ = {isa = PBXBuildFile; fileRef = 19017515223F3E3E00B6793A /* InTheClear.png */; };
		19017526224DA5F100B6793A /* MapKit.framework in Frameworks */ = {isa = PBXBuildFile; fileRef = 19017525224DA5F100B6793A /* MapKit.framework */; };
		190E440F210BF951005160C7 /* AppDelegate.swift in Sources */ = {isa = PBXBuildFile; fileRef = 190E440E210BF951005160C7 /* AppDelegate.swift */; };
		190E4411210BF951005160C7 /* ViewController.swift in Sources */ = {isa = PBXBuildFile; fileRef = 190E4410210BF951005160C7 /* ViewController.swift */; };
		190E4414210BF951005160C7 /* Main.storyboard in Resources */ = {isa = PBXBuildFile; fileRef = 190E4412210BF951005160C7 /* Main.storyboard */; };
		190E4416210BF958005160C7 /* Assets.xcassets in Resources */ = {isa = PBXBuildFile; fileRef = 190E4415210BF958005160C7 /* Assets.xcassets */; };
		190E4419210BF958005160C7 /* LaunchScreen.storyboard in Resources */ = {isa = PBXBuildFile; fileRef = 190E4417210BF958005160C7 /* LaunchScreen.storyboard */; };
		190E987D23F7680F00C1C2C3 /* UserData.swift in Sources */ = {isa = PBXBuildFile; fileRef = 190E987C23F7680F00C1C2C3 /* UserData.swift */; };
		190E987F23F76A3600C1C2C3 /* RealmManager.swift in Sources */ = {isa = PBXBuildFile; fileRef = 190E987E23F76A3600C1C2C3 /* RealmManager.swift */; };
		19173CEB22EBF161001BC2DF /* TripDetailsTableViewCell.swift in Sources */ = {isa = PBXBuildFile; fileRef = 19173CEA22EBF161001BC2DF /* TripDetailsTableViewCell.swift */; };
		19173CED22ED2465001BC2DF /* GMSAutocompleteTripDetails.swift in Sources */ = {isa = PBXBuildFile; fileRef = 19173CEC22ED2465001BC2DF /* GMSAutocompleteTripDetails.swift */; };
		19173CF322EFD10D001BC2DF /* CustomizeTripDetailsView.swift in Sources */ = {isa = PBXBuildFile; fileRef = 19173CF222EFD10D001BC2DF /* CustomizeTripDetailsView.swift */; };
		1917538322F78B7D00678745 /* addIcon.png in Resources */ = {isa = PBXBuildFile; fileRef = 1917538222F78B7D00678745 /* addIcon.png */; };
		191E3F9C22E2A08200F0893D /* CloudyNight.png in Resources */ = {isa = PBXBuildFile; fileRef = 191E3F9A22E2A08200F0893D /* CloudyNight.png */; };
		191E3F9D22E2A08200F0893D /* Night.png in Resources */ = {isa = PBXBuildFile; fileRef = 191E3F9B22E2A08200F0893D /* Night.png */; };
		191E3F9F22E3FADE00F0893D /* baseline_my_location_black_36dp.png in Resources */ = {isa = PBXBuildFile; fileRef = 191E3F9E22E3FADE00F0893D /* baseline_my_location_black_36dp.png */; };
		191EF2E122FBB7260049D7D1 /* TripDetailsAPIRequest.swift in Sources */ = {isa = PBXBuildFile; fileRef = 191EF2E022FBB7260049D7D1 /* TripDetailsAPIRequest.swift */; };
		191EF2E5230505010049D7D1 /* BirdhouseWhiteLogo.png in Resources */ = {isa = PBXBuildFile; fileRef = 191EF2E4230505010049D7D1 /* BirdhouseWhiteLogo.png */; };
		19294C922252FEA600D09673 /* icons8-google-maps-48.png in Resources */ = {isa = PBXBuildFile; fileRef = 19294C912252FEA600D09673 /* icons8-google-maps-48.png */; };
		19365E0823CEBC600060D11C /* LoginAPIRequests.swift in Sources */ = {isa = PBXBuildFile; fileRef = 19365E0723CEBC600060D11C /* LoginAPIRequests.swift */; };
		1939B5E922D0247000E63F32 /* partlyCloudy.png in Resources */ = {isa = PBXBuildFile; fileRef = 1939B5E622D0247000E63F32 /* partlyCloudy.png */; };
		1939B5EA22D0247000E63F32 /* snow.png in Resources */ = {isa = PBXBuildFile; fileRef = 1939B5E722D0247000E63F32 /* snow.png */; };
		1939B5EB22D0247000E63F32 /* sun.png in Resources */ = {isa = PBXBuildFile; fileRef = 1939B5E822D0247000E63F32 /* sun.png */; };
		1939B5EF22D0248900E63F32 /* rain.png in Resources */ = {isa = PBXBuildFile; fileRef = 1939B5EC22D0248900E63F32 /* rain.png */; };
		1939B5F022D0248900E63F32 /* cloud.png in Resources */ = {isa = PBXBuildFile; fileRef = 1939B5ED22D0248900E63F32 /* cloud.png */; };
		1939B5F322D4180000E63F32 /* danger.png in Resources */ = {isa = PBXBuildFile; fileRef = 1939B5F222D4180000E63F32 /* danger.png */; };
		1939B5F522D41FB700E63F32 /* mapKey.png in Resources */ = {isa = PBXBuildFile; fileRef = 1939B5F422D41FB700E63F32 /* mapKey.png */; };
		193AAD2F22D5810D00C6C6DA /* APIRequests.swift in Sources */ = {isa = PBXBuildFile; fileRef = 193AAD2E22D5810D00C6C6DA /* APIRequests.swift */; };
		193AAD3122DC16E900C6C6DA /* CustomizeTripDetails.swift in Sources */ = {isa = PBXBuildFile; fileRef = 193AAD3022DC16E900C6C6DA /* CustomizeTripDetails.swift */; };
		193AAD3322DFFD0100C6C6DA /* time.png in Resources */ = {isa = PBXBuildFile; fileRef = 193AAD3222DFFD0100C6C6DA /* time.png */; };
		1942A6AD22594F1B00ABFF83 /* viewControllerSetup.swift in Sources */ = {isa = PBXBuildFile; fileRef = 1942A6AC22594F1B00ABFF83 /* viewControllerSetup.swift */; };
		194AD985212E4B620034572D /* URLConfig.swift in Sources */ = {isa = PBXBuildFile; fileRef = 194AD984212E4B620034572D /* URLConfig.swift */; };
		194AD989215331940034572D /* Weather.swift in Sources */ = {isa = PBXBuildFile; fileRef = 194AD988215331940034572D /* Weather.swift */; };
		1996FA6023F79C80000F906E /* RealmTests.swift in Sources */ = {isa = PBXBuildFile; fileRef = 1996FA5F23F79C80000F906E /* RealmTests.swift */; };
		1996FA6423F7A50D000F906E /* TripDataModalTest.swift in Sources */ = {isa = PBXBuildFile; fileRef = 1996FA6323F7A50D000F906E /* TripDataModalTest.swift */; };
		1996FA6623F7AA22000F906E /* TripDetailsModalTest.swift in Sources */ = {isa = PBXBuildFile; fileRef = 1996FA6523F7AA22000F906E /* TripDetailsModalTest.swift */; };
		1996FA6C23F856C6000F906E /* StormArrow.png in Resources */ = {isa = PBXBuildFile; fileRef = 1996FA6B23F856C6000F906E /* StormArrow.png */; };
		1996FA7023F85759000F906E /* SunArrow.png in Resources */ = {isa = PBXBuildFile; fileRef = 1996FA6F23F85759000F906E /* SunArrow.png */; };
		19BA598C23EBC12B00B6F207 /* LoginViewSetup.swift in Sources */ = {isa = PBXBuildFile; fileRef = 19BA598B23EBC12B00B6F207 /* LoginViewSetup.swift */; };
		19C914BA217575D0002EA1DB /* WeatherMenu.swift in Sources */ = {isa = PBXBuildFile; fileRef = 19C914B9217575D0002EA1DB /* WeatherMenu.swift */; };
		19C914BE21829BCE002EA1DB /* WeatherTableViewCell.swift in Sources */ = {isa = PBXBuildFile; fileRef = 19C914BD21829BCE002EA1DB /* WeatherTableViewCell.swift */; };
		19C914C021829D5A002EA1DB /* weatherData.swift in Sources */ = {isa = PBXBuildFile; fileRef = 19C914BF21829D5A002EA1DB /* weatherData.swift */; };
		19CB09B8210BF9EB00CC2AA1 /* GMSAutocompleteViewController.swift in Sources */ = {isa = PBXBuildFile; fileRef = 19CB09B6210BF9EB00CC2AA1 /* GMSAutocompleteViewController.swift */; };
		19D1242522EA87E100636C23 /* WeatherMenuView.swift in Sources */ = {isa = PBXBuildFile; fileRef = 19D1242422EA87E100636C23 /* WeatherMenuView.swift */; };
		19D1242C22EA8EFC00636C23 /* CustomizeTripDetails.storyboard in Resources */ = {isa = PBXBuildFile; fileRef = 19D1242B22EA8EFC00636C23 /* CustomizeTripDetails.storyboard */; };
		19D1242E22EA8FD100636C23 /* WeatherMenu.storyboard in Resources */ = {isa = PBXBuildFile; fileRef = 19D1242D22EA8FD100636C23 /* WeatherMenu.storyboard */; };
		19D1243022EA9B6C00636C23 /* tripDataModal.swift in Sources */ = {isa = PBXBuildFile; fileRef = 19D1242F22EA9B6C00636C23 /* tripDataModal.swift */; };
		19D1243222EBD67400636C23 /* tripDetailsModal.swift in Sources */ = {isa = PBXBuildFile; fileRef = 19D1243122EBD67400636C23 /* tripDetailsModal.swift */; };
		19D443C723E7AC4C002D52CA /* StartView.storyboard in Resources */ = {isa = PBXBuildFile; fileRef = 19D443C623E7AC4C002D52CA /* StartView.storyboard */; };
		19D98A3423CBC34200BD8184 /* LoginController.swift in Sources */ = {isa = PBXBuildFile; fileRef = 19D98A3323CBC34200BD8184 /* LoginController.swift */; };
		19DB7AD3234148EE008426B2 /* Constants.swift in Sources */ = {isa = PBXBuildFile; fileRef = 19DB7AD2234148EE008426B2 /* Constants.swift */; };
		19E25A4E2308B94600679D49 /* CustomizeTripDetailsTest.swift in Sources */ = {isa = PBXBuildFile; fileRef = 19E25A4D2308B94600679D49 /* CustomizeTripDetailsTest.swift */; };
		19E7B6402235EA8B006CB3AF /* InTheClearTests.swift in Sources */ = {isa = PBXBuildFile; fileRef = 19E7B63F2235EA8B006CB3AF /* InTheClearTests.swift */; };
		19E7B6482235ED27006CB3AF /* WeatherTableTests.swift in Sources */ = {isa = PBXBuildFile; fileRef = 19E7B6472235ED27006CB3AF /* WeatherTableTests.swift */; };
		19F1FCF723F2662C007E3F2E /* GoogleService-Info.plist in Resources */ = {isa = PBXBuildFile; fileRef = 19F1FCF623F2662B007E3F2E /* GoogleService-Info.plist */; };
		5DDD3A275A386DC11241658F /* Pods_InTheClear.framework in Frameworks */ = {isa = PBXBuildFile; fileRef = 7890AF9DCCDBA9CE387CCDCA /* Pods_InTheClear.framework */; };
		ECF6DDC9F78D2FD107E97655 /* Pods_InTheClearTests.framework in Frameworks */ = {isa = PBXBuildFile; fileRef = F4F974D28D40C2671A1B6AA1 /* Pods_InTheClearTests.framework */; };
/* End PBXBuildFile section */

/* Begin PBXContainerItemProxy section */
		19E7B6422235EA8B006CB3AF /* PBXContainerItemProxy */ = {
			isa = PBXContainerItemProxy;
			containerPortal = 190E4403210BF951005160C7 /* Project object */;
			proxyType = 1;
			remoteGlobalIDString = 190E440A210BF951005160C7;
			remoteInfo = InTheClear;
		};
/* End PBXContainerItemProxy section */

/* Begin PBXFileReference section */
		19017515223F3E3E00B6793A /* InTheClear.png */ = {isa = PBXFileReference; lastKnownFileType = image.png; path = InTheClear.png; sourceTree = "<group>"; };
		19017525224DA5F100B6793A /* MapKit.framework */ = {isa = PBXFileReference; lastKnownFileType = wrapper.framework; name = MapKit.framework; path = System/Library/Frameworks/MapKit.framework; sourceTree = SDKROOT; };
		190E440B210BF951005160C7 /* InTheClear.app */ = {isa = PBXFileReference; explicitFileType = wrapper.application; includeInIndex = 0; path = InTheClear.app; sourceTree = BUILT_PRODUCTS_DIR; };
		190E440E210BF951005160C7 /* AppDelegate.swift */ = {isa = PBXFileReference; lastKnownFileType = sourcecode.swift; path = AppDelegate.swift; sourceTree = "<group>"; };
		190E4410210BF951005160C7 /* ViewController.swift */ = {isa = PBXFileReference; lastKnownFileType = sourcecode.swift; path = ViewController.swift; sourceTree = "<group>"; };
		190E4413210BF951005160C7 /* Base */ = {isa = PBXFileReference; lastKnownFileType = file.storyboard; name = Base; path = Base.lproj/Main.storyboard; sourceTree = "<group>"; };
		190E4415210BF958005160C7 /* Assets.xcassets */ = {isa = PBXFileReference; lastKnownFileType = folder.assetcatalog; path = Assets.xcassets; sourceTree = "<group>"; };
		190E4418210BF958005160C7 /* Base */ = {isa = PBXFileReference; lastKnownFileType = file.storyboard; name = Base; path = Base.lproj/LaunchScreen.storyboard; sourceTree = "<group>"; };
		190E441A210BF958005160C7 /* Info.plist */ = {isa = PBXFileReference; lastKnownFileType = text.plist.xml; path = Info.plist; sourceTree = "<group>"; };
		190E987C23F7680F00C1C2C3 /* UserData.swift */ = {isa = PBXFileReference; lastKnownFileType = sourcecode.swift; path = UserData.swift; sourceTree = "<group>"; };
		190E987E23F76A3600C1C2C3 /* RealmManager.swift */ = {isa = PBXFileReference; lastKnownFileType = sourcecode.swift; path = RealmManager.swift; sourceTree = "<group>"; };
		19173CEA22EBF161001BC2DF /* TripDetailsTableViewCell.swift */ = {isa = PBXFileReference; lastKnownFileType = sourcecode.swift; path = TripDetailsTableViewCell.swift; sourceTree = "<group>"; };
		19173CEC22ED2465001BC2DF /* GMSAutocompleteTripDetails.swift */ = {isa = PBXFileReference; lastKnownFileType = sourcecode.swift; path = GMSAutocompleteTripDetails.swift; sourceTree = "<group>"; };
		19173CF222EFD10D001BC2DF /* CustomizeTripDetailsView.swift */ = {isa = PBXFileReference; lastKnownFileType = sourcecode.swift; path = CustomizeTripDetailsView.swift; sourceTree = "<group>"; };
		1917538222F78B7D00678745 /* addIcon.png */ = {isa = PBXFileReference; lastKnownFileType = image.png; path = addIcon.png; sourceTree = "<group>"; };
		191E3F9A22E2A08200F0893D /* CloudyNight.png */ = {isa = PBXFileReference; lastKnownFileType = image.png; path = CloudyNight.png; sourceTree = "<group>"; };
		191E3F9B22E2A08200F0893D /* Night.png */ = {isa = PBXFileReference; lastKnownFileType = image.png; path = Night.png; sourceTree = "<group>"; };
		191E3F9E22E3FADE00F0893D /* baseline_my_location_black_36dp.png */ = {isa = PBXFileReference; lastKnownFileType = image.png; path = baseline_my_location_black_36dp.png; sourceTree = "<group>"; };
		191EF2E022FBB7260049D7D1 /* TripDetailsAPIRequest.swift */ = {isa = PBXFileReference; lastKnownFileType = sourcecode.swift; path = TripDetailsAPIRequest.swift; sourceTree = "<group>"; };
		191EF2E4230505010049D7D1 /* BirdhouseWhiteLogo.png */ = {isa = PBXFileReference; lastKnownFileType = image.png; path = BirdhouseWhiteLogo.png; sourceTree = "<group>"; };
		19294C912252FEA600D09673 /* icons8-google-maps-48.png */ = {isa = PBXFileReference; lastKnownFileType = image.png; path = "icons8-google-maps-48.png"; sourceTree = "<group>"; };
		19365E0723CEBC600060D11C /* LoginAPIRequests.swift */ = {isa = PBXFileReference; lastKnownFileType = sourcecode.swift; path = LoginAPIRequests.swift; sourceTree = "<group>"; };
		1939B5E622D0247000E63F32 /* partlyCloudy.png */ = {isa = PBXFileReference; lastKnownFileType = image.png; path = partlyCloudy.png; sourceTree = "<group>"; };
		1939B5E722D0247000E63F32 /* snow.png */ = {isa = PBXFileReference; lastKnownFileType = image.png; path = snow.png; sourceTree = "<group>"; };
		1939B5E822D0247000E63F32 /* sun.png */ = {isa = PBXFileReference; lastKnownFileType = image.png; path = sun.png; sourceTree = "<group>"; };
		1939B5EC22D0248900E63F32 /* rain.png */ = {isa = PBXFileReference; lastKnownFileType = image.png; path = rain.png; sourceTree = "<group>"; };
		1939B5ED22D0248900E63F32 /* cloud.png */ = {isa = PBXFileReference; lastKnownFileType = image.png; path = cloud.png; sourceTree = "<group>"; };
		1939B5F222D4180000E63F32 /* danger.png */ = {isa = PBXFileReference; lastKnownFileType = image.png; path = danger.png; sourceTree = "<group>"; };
		1939B5F422D41FB700E63F32 /* mapKey.png */ = {isa = PBXFileReference; lastKnownFileType = image.png; path = mapKey.png; sourceTree = "<group>"; };
		193AAD2E22D5810D00C6C6DA /* APIRequests.swift */ = {isa = PBXFileReference; lastKnownFileType = sourcecode.swift; path = APIRequests.swift; sourceTree = "<group>"; };
		193AAD3022DC16E900C6C6DA /* CustomizeTripDetails.swift */ = {isa = PBXFileReference; lastKnownFileType = sourcecode.swift; path = CustomizeTripDetails.swift; sourceTree = "<group>"; };
		193AAD3222DFFD0100C6C6DA /* time.png */ = {isa = PBXFileReference; lastKnownFileType = image.png; path = time.png; sourceTree = "<group>"; };
		1942A6AC22594F1B00ABFF83 /* viewControllerSetup.swift */ = {isa = PBXFileReference; lastKnownFileType = sourcecode.swift; path = viewControllerSetup.swift; sourceTree = "<group>"; };
		194AD984212E4B620034572D /* URLConfig.swift */ = {isa = PBXFileReference; lastKnownFileType = sourcecode.swift; path = URLConfig.swift; sourceTree = "<group>"; };
		194AD988215331940034572D /* Weather.swift */ = {isa = PBXFileReference; lastKnownFileType = sourcecode.swift; path = Weather.swift; sourceTree = "<group>"; };
		1996FA5F23F79C80000F906E /* RealmTests.swift */ = {isa = PBXFileReference; lastKnownFileType = sourcecode.swift; path = RealmTests.swift; sourceTree = "<group>"; };
		1996FA6323F7A50D000F906E /* TripDataModalTest.swift */ = {isa = PBXFileReference; lastKnownFileType = sourcecode.swift; path = TripDataModalTest.swift; sourceTree = "<group>"; };
		1996FA6523F7AA22000F906E /* TripDetailsModalTest.swift */ = {isa = PBXFileReference; lastKnownFileType = sourcecode.swift; path = TripDetailsModalTest.swift; sourceTree = "<group>"; };
		1996FA6B23F856C6000F906E /* StormArrow.png */ = {isa = PBXFileReference; lastKnownFileType = image.png; path = StormArrow.png; sourceTree = "<group>"; };
		1996FA6F23F85759000F906E /* SunArrow.png */ = {isa = PBXFileReference; lastKnownFileType = image.png; path = SunArrow.png; sourceTree = "<group>"; };
		19BA598B23EBC12B00B6F207 /* LoginViewSetup.swift */ = {isa = PBXFileReference; lastKnownFileType = sourcecode.swift; path = LoginViewSetup.swift; sourceTree = "<group>"; };
		19C914B9217575D0002EA1DB /* WeatherMenu.swift */ = {isa = PBXFileReference; lastKnownFileType = sourcecode.swift; path = WeatherMenu.swift; sourceTree = "<group>"; };
		19C914BD21829BCE002EA1DB /* WeatherTableViewCell.swift */ = {isa = PBXFileReference; lastKnownFileType = sourcecode.swift; path = WeatherTableViewCell.swift; sourceTree = "<group>"; };
		19C914BF21829D5A002EA1DB /* weatherData.swift */ = {isa = PBXFileReference; lastKnownFileType = sourcecode.swift; path = weatherData.swift; sourceTree = "<group>"; };
		19CB09B6210BF9EB00CC2AA1 /* GMSAutocompleteViewController.swift */ = {isa = PBXFileReference; fileEncoding = 4; lastKnownFileType = sourcecode.swift; path = GMSAutocompleteViewController.swift; sourceTree = "<group>"; };
		19D1242422EA87E100636C23 /* WeatherMenuView.swift */ = {isa = PBXFileReference; lastKnownFileType = sourcecode.swift; path = WeatherMenuView.swift; sourceTree = "<group>"; };
		19D1242B22EA8EFC00636C23 /* CustomizeTripDetails.storyboard */ = {isa = PBXFileReference; fileEncoding = 4; lastKnownFileType = file.storyboard; path = CustomizeTripDetails.storyboard; sourceTree = "<group>"; };
		19D1242D22EA8FD100636C23 /* WeatherMenu.storyboard */ = {isa = PBXFileReference; fileEncoding = 4; lastKnownFileType = file.storyboard; path = WeatherMenu.storyboard; sourceTree = "<group>"; };
		19D1242F22EA9B6C00636C23 /* tripDataModal.swift */ = {isa = PBXFileReference; lastKnownFileType = sourcecode.swift; path = tripDataModal.swift; sourceTree = "<group>"; };
		19D1243122EBD67400636C23 /* tripDetailsModal.swift */ = {isa = PBXFileReference; lastKnownFileType = sourcecode.swift; path = tripDetailsModal.swift; sourceTree = "<group>"; };
		19D443C623E7AC4C002D52CA /* StartView.storyboard */ = {isa = PBXFileReference; lastKnownFileType = file.storyboard; path = StartView.storyboard; sourceTree = "<group>"; };
		19D98A3323CBC34200BD8184 /* LoginController.swift */ = {isa = PBXFileReference; lastKnownFileType = sourcecode.swift; path = LoginController.swift; sourceTree = "<group>"; };
		19D98A3A23CBC7B600BD8184 /* InTheClear.entitlements */ = {isa = PBXFileReference; lastKnownFileType = text.plist.entitlements; path = InTheClear.entitlements; sourceTree = "<group>"; };
		19DB7AD2234148EE008426B2 /* Constants.swift */ = {isa = PBXFileReference; fileEncoding = 4; lastKnownFileType = sourcecode.swift; path = Constants.swift; sourceTree = "<group>"; };
		19E25A4D2308B94600679D49 /* CustomizeTripDetailsTest.swift */ = {isa = PBXFileReference; lastKnownFileType = sourcecode.swift; path = CustomizeTripDetailsTest.swift; sourceTree = "<group>"; };
		19E7B63D2235EA8B006CB3AF /* InTheClearTests.xctest */ = {isa = PBXFileReference; explicitFileType = wrapper.cfbundle; includeInIndex = 0; path = InTheClearTests.xctest; sourceTree = BUILT_PRODUCTS_DIR; };
		19E7B63F2235EA8B006CB3AF /* InTheClearTests.swift */ = {isa = PBXFileReference; lastKnownFileType = sourcecode.swift; path = InTheClearTests.swift; sourceTree = "<group>"; };
		19E7B6412235EA8B006CB3AF /* Info.plist */ = {isa = PBXFileReference; lastKnownFileType = text.plist.xml; path = Info.plist; sourceTree = "<group>"; };
		19E7B6472235ED27006CB3AF /* WeatherTableTests.swift */ = {isa = PBXFileReference; lastKnownFileType = sourcecode.swift; path = WeatherTableTests.swift; sourceTree = "<group>"; };
		19F1FCF623F2662B007E3F2E /* GoogleService-Info.plist */ = {isa = PBXFileReference; fileEncoding = 4; lastKnownFileType = text.plist.xml; name = "GoogleService-Info.plist"; path = "../../../Downloads/GoogleService-Info.plist"; sourceTree = "<group>"; };
		55B2108269BD305D3AC81FEE /* Pods-InTheClear.release.xcconfig */ = {isa = PBXFileReference; includeInIndex = 1; lastKnownFileType = text.xcconfig; name = "Pods-InTheClear.release.xcconfig"; path = "Pods/Target Support Files/Pods-InTheClear/Pods-InTheClear.release.xcconfig"; sourceTree = "<group>"; };
		68C7662AA1B22A50F213806B /* Pods-InTheClearTests.debug.xcconfig */ = {isa = PBXFileReference; includeInIndex = 1; lastKnownFileType = text.xcconfig; name = "Pods-InTheClearTests.debug.xcconfig"; path = "Pods/Target Support Files/Pods-InTheClearTests/Pods-InTheClearTests.debug.xcconfig"; sourceTree = "<group>"; };
		6EFDB5AEA21525D2F140E5C6 /* Pods-InTheClear.debug.xcconfig */ = {isa = PBXFileReference; includeInIndex = 1; lastKnownFileType = text.xcconfig; name = "Pods-InTheClear.debug.xcconfig"; path = "Pods/Target Support Files/Pods-InTheClear/Pods-InTheClear.debug.xcconfig"; sourceTree = "<group>"; };
		7890AF9DCCDBA9CE387CCDCA /* Pods_InTheClear.framework */ = {isa = PBXFileReference; explicitFileType = wrapper.framework; includeInIndex = 0; path = Pods_InTheClear.framework; sourceTree = BUILT_PRODUCTS_DIR; };
		E9D29B1BC3281EC30310B155 /* Pods-InTheClearTests.release.xcconfig */ = {isa = PBXFileReference; includeInIndex = 1; lastKnownFileType = text.xcconfig; name = "Pods-InTheClearTests.release.xcconfig"; path = "Pods/Target Support Files/Pods-InTheClearTests/Pods-InTheClearTests.release.xcconfig"; sourceTree = "<group>"; };
		F4F974D28D40C2671A1B6AA1 /* Pods_InTheClearTests.framework */ = {isa = PBXFileReference; explicitFileType = wrapper.framework; includeInIndex = 0; path = Pods_InTheClearTests.framework; sourceTree = BUILT_PRODUCTS_DIR; };
/* End PBXFileReference section */

/* Begin PBXFrameworksBuildPhase section */
		190E4408210BF951005160C7 /* Frameworks */ = {
			isa = PBXFrameworksBuildPhase;
			buildActionMask = 2147483647;
			files = (
				19017526224DA5F100B6793A /* MapKit.framework in Frameworks */,
				5DDD3A275A386DC11241658F /* Pods_InTheClear.framework in Frameworks */,
			);
			runOnlyForDeploymentPostprocessing = 0;
		};
		19E7B63A2235EA8B006CB3AF /* Frameworks */ = {
			isa = PBXFrameworksBuildPhase;
			buildActionMask = 2147483647;
			files = (
				ECF6DDC9F78D2FD107E97655 /* Pods_InTheClearTests.framework in Frameworks */,
			);
			runOnlyForDeploymentPostprocessing = 0;
		};
/* End PBXFrameworksBuildPhase section */

/* Begin PBXGroup section */
		190E4402210BF951005160C7 = {
			isa = PBXGroup;
			children = (
				190E440D210BF951005160C7 /* InTheClear */,
				19E7B63E2235EA8B006CB3AF /* InTheClearTests */,
				190E440C210BF951005160C7 /* Products */,
				475D4C9E7CAF58DE0E8A03DA /* Pods */,
				9369EDC22307A5F39FA007A2 /* Frameworks */,
			);
			sourceTree = "<group>";
		};
		190E440C210BF951005160C7 /* Products */ = {
			isa = PBXGroup;
			children = (
				190E440B210BF951005160C7 /* InTheClear.app */,
				19E7B63D2235EA8B006CB3AF /* InTheClearTests.xctest */,
			);
			name = Products;
			sourceTree = "<group>";
		};
		190E440D210BF951005160C7 /* InTheClear */ = {
			isa = PBXGroup;
			children = (
				19F1FCF623F2662B007E3F2E /* GoogleService-Info.plist */,
				19D98A3A23CBC7B600BD8184 /* InTheClear.entitlements */,
				19D1242322EA87AD00636C23 /* Services */,
				19D1242222EA878900636C23 /* Constants */,
				19D1242122EA85E400636C23 /* Controller */,
				19D1242022EA85D300636C23 /* Model */,
				19D1241F22EA85C700636C23 /* View */,
				19C914C52184B701002EA1DB /* supportingFiles */,
				190E440E210BF951005160C7 /* AppDelegate.swift */,
				190E4415210BF958005160C7 /* Assets.xcassets */,
				190E441A210BF958005160C7 /* Info.plist */,
			);
			path = InTheClear;
			sourceTree = "<group>";
		};
		19C914C52184B701002EA1DB /* supportingFiles */ = {
			isa = PBXGroup;
			children = (
				1996FA6F23F85759000F906E /* SunArrow.png */,
				1996FA6B23F856C6000F906E /* StormArrow.png */,
				191EF2E4230505010049D7D1 /* BirdhouseWhiteLogo.png */,
				1917538222F78B7D00678745 /* addIcon.png */,
				191E3F9A22E2A08200F0893D /* CloudyNight.png */,
				191E3F9B22E2A08200F0893D /* Night.png */,
				1939B5ED22D0248900E63F32 /* cloud.png */,
				1939B5EC22D0248900E63F32 /* rain.png */,
				1939B5E622D0247000E63F32 /* partlyCloudy.png */,
				1939B5E722D0247000E63F32 /* snow.png */,
				1939B5E822D0247000E63F32 /* sun.png */,
				1939B5F222D4180000E63F32 /* danger.png */,
				193AAD3222DFFD0100C6C6DA /* time.png */,
				19294C912252FEA600D09673 /* icons8-google-maps-48.png */,
				191E3F9E22E3FADE00F0893D /* baseline_my_location_black_36dp.png */,
				1939B5F422D41FB700E63F32 /* mapKey.png */,
				19017515223F3E3E00B6793A /* InTheClear.png */,
			);
			path = supportingFiles;
			sourceTree = "<group>";
		};
		19D1241F22EA85C700636C23 /* View */ = {
			isa = PBXGroup;
			children = (
				19D1242D22EA8FD100636C23 /* WeatherMenu.storyboard */,
				19D1242B22EA8EFC00636C23 /* CustomizeTripDetails.storyboard */,
				190E4412210BF951005160C7 /* Main.storyboard */,
				190E4417210BF958005160C7 /* LaunchScreen.storyboard */,
				1942A6AC22594F1B00ABFF83 /* viewControllerSetup.swift */,
				19D1242422EA87E100636C23 /* WeatherMenuView.swift */,
				19173CF222EFD10D001BC2DF /* CustomizeTripDetailsView.swift */,
				19D443C623E7AC4C002D52CA /* StartView.storyboard */,
				19BA598B23EBC12B00B6F207 /* LoginViewSetup.swift */,
			);
			path = View;
			sourceTree = "<group>";
		};
		19D1242022EA85D300636C23 /* Model */ = {
			isa = PBXGroup;
			children = (
				19C914BF21829D5A002EA1DB /* weatherData.swift */,
				19D1242F22EA9B6C00636C23 /* tripDataModal.swift */,
				19D1243122EBD67400636C23 /* tripDetailsModal.swift */,
				190E987C23F7680F00C1C2C3 /* UserData.swift */,
			);
			path = Model;
			sourceTree = "<group>";
		};
		19D1242122EA85E400636C23 /* Controller */ = {
			isa = PBXGroup;
			children = (
				19C914BD21829BCE002EA1DB /* WeatherTableViewCell.swift */,
				19CB09B6210BF9EB00CC2AA1 /* GMSAutocompleteViewController.swift */,
				193AAD3022DC16E900C6C6DA /* CustomizeTripDetails.swift */,
				19C914B9217575D0002EA1DB /* WeatherMenu.swift */,
				190E4410210BF951005160C7 /* ViewController.swift */,
				194AD988215331940034572D /* Weather.swift */,
				19173CEA22EBF161001BC2DF /* TripDetailsTableViewCell.swift */,
				19173CEC22ED2465001BC2DF /* GMSAutocompleteTripDetails.swift */,
				19D98A3323CBC34200BD8184 /* LoginController.swift */,
			);
			path = Controller;
			sourceTree = "<group>";
		};
		19D1242222EA878900636C23 /* Constants */ = {
			isa = PBXGroup;
			children = (
				194AD984212E4B620034572D /* URLConfig.swift */,
				19DB7AD2234148EE008426B2 /* Constants.swift */,
			);
			path = Constants;
			sourceTree = "<group>";
		};
		19D1242322EA87AD00636C23 /* Services */ = {
			isa = PBXGroup;
			children = (
				193AAD2E22D5810D00C6C6DA /* APIRequests.swift */,
				191EF2E022FBB7260049D7D1 /* TripDetailsAPIRequest.swift */,
				19365E0723CEBC600060D11C /* LoginAPIRequests.swift */,
				190E987E23F76A3600C1C2C3 /* RealmManager.swift */,
			);
			path = Services;
			sourceTree = "<group>";
		};
		19E7B63E2235EA8B006CB3AF /* InTheClearTests */ = {
			isa = PBXGroup;
			children = (
				19E7B63F2235EA8B006CB3AF /* InTheClearTests.swift */,
				19E7B6412235EA8B006CB3AF /* Info.plist */,
				19E7B6472235ED27006CB3AF /* WeatherTableTests.swift */,
				19E25A4D2308B94600679D49 /* CustomizeTripDetailsTest.swift */,
				1996FA5F23F79C80000F906E /* RealmTests.swift */,
				1996FA6323F7A50D000F906E /* TripDataModalTest.swift */,
				1996FA6523F7AA22000F906E /* TripDetailsModalTest.swift */,
			);
			path = InTheClearTests;
			sourceTree = "<group>";
		};
		475D4C9E7CAF58DE0E8A03DA /* Pods */ = {
			isa = PBXGroup;
			children = (
				6EFDB5AEA21525D2F140E5C6 /* Pods-InTheClear.debug.xcconfig */,
				55B2108269BD305D3AC81FEE /* Pods-InTheClear.release.xcconfig */,
				68C7662AA1B22A50F213806B /* Pods-InTheClearTests.debug.xcconfig */,
				E9D29B1BC3281EC30310B155 /* Pods-InTheClearTests.release.xcconfig */,
			);
			name = Pods;
			sourceTree = "<group>";
		};
		9369EDC22307A5F39FA007A2 /* Frameworks */ = {
			isa = PBXGroup;
			children = (
				19017525224DA5F100B6793A /* MapKit.framework */,
				7890AF9DCCDBA9CE387CCDCA /* Pods_InTheClear.framework */,
				F4F974D28D40C2671A1B6AA1 /* Pods_InTheClearTests.framework */,
			);
			name = Frameworks;
			sourceTree = "<group>";
		};
/* End PBXGroup section */

/* Begin PBXNativeTarget section */
		190E440A210BF951005160C7 /* InTheClear */ = {
			isa = PBXNativeTarget;
			buildConfigurationList = 190E441D210BF958005160C7 /* Build configuration list for PBXNativeTarget "InTheClear" */;
			buildPhases = (
				B9F634879FF820FC1AEB9CB9 /* [CP] Check Pods Manifest.lock */,
				190E4407210BF951005160C7 /* Sources */,
				190E4408210BF951005160C7 /* Frameworks */,
				190E4409210BF951005160C7 /* Resources */,
				1680AC855968F5E3C6086E6D /* [CP] Embed Pods Frameworks */,
				D3A11D013613576F5D0E2DFB /* [CP] Copy Pods Resources */,
			);
			buildRules = (
			);
			dependencies = (
			);
			name = InTheClear;
			productName = InTheClear;
			productReference = 190E440B210BF951005160C7 /* InTheClear.app */;
			productType = "com.apple.product-type.application";
		};
		19E7B63C2235EA8B006CB3AF /* InTheClearTests */ = {
			isa = PBXNativeTarget;
			buildConfigurationList = 19E7B6442235EA8B006CB3AF /* Build configuration list for PBXNativeTarget "InTheClearTests" */;
			buildPhases = (
				A8AA1B96094939AD11565567 /* [CP] Check Pods Manifest.lock */,
				19E7B6392235EA8B006CB3AF /* Sources */,
				19E7B63A2235EA8B006CB3AF /* Frameworks */,
				19E7B63B2235EA8B006CB3AF /* Resources */,
				956EAEE928628C1D2A3C171A /* [CP] Embed Pods Frameworks */,
				E912D09F688346EEFC64AED4 /* [CP] Copy Pods Resources */,
			);
			buildRules = (
			);
			dependencies = (
				19E7B6432235EA8B006CB3AF /* PBXTargetDependency */,
			);
			name = InTheClearTests;
			productName = InTheClearTests;
			productReference = 19E7B63D2235EA8B006CB3AF /* InTheClearTests.xctest */;
			productType = "com.apple.product-type.bundle.unit-test";
		};
/* End PBXNativeTarget section */

/* Begin PBXProject section */
		190E4403210BF951005160C7 /* Project object */ = {
			isa = PBXProject;
			attributes = {
				LastSwiftUpdateCheck = 1010;
				LastUpgradeCheck = 0940;
				ORGANIZATIONNAME = "Josh Sauder";
				TargetAttributes = {
					190E440A210BF951005160C7 = {
						CreatedOnToolsVersion = 9.4.1;
						LastSwiftMigration = 1100;
						SystemCapabilities = {
							com.apple.Maps.iOS = {
								enabled = 1;
							};
						};
					};
					19E7B63C2235EA8B006CB3AF = {
						CreatedOnToolsVersion = 10.1;
						LastSwiftMigration = 1100;
						TestTargetID = 190E440A210BF951005160C7;
					};
				};
			};
			buildConfigurationList = 190E4406210BF951005160C7 /* Build configuration list for PBXProject "InTheClear" */;
			compatibilityVersion = "Xcode 9.3";
			developmentRegion = en;
			hasScannedForEncodings = 0;
			knownRegions = (
				en,
				Base,
			);
			mainGroup = 190E4402210BF951005160C7;
			productRefGroup = 190E440C210BF951005160C7 /* Products */;
			projectDirPath = "";
			projectRoot = "";
			targets = (
				190E440A210BF951005160C7 /* InTheClear */,
				19E7B63C2235EA8B006CB3AF /* InTheClearTests */,
			);
		};
/* End PBXProject section */

/* Begin PBXResourcesBuildPhase section */
		190E4409210BF951005160C7 /* Resources */ = {
			isa = PBXResourcesBuildPhase;
			buildActionMask = 2147483647;
			files = (
				1939B5F522D41FB700E63F32 /* mapKey.png in Resources */,
				19017516223F3E3E00B6793A /* InTheClear.png in Resources */,
				19D443C723E7AC4C002D52CA /* StartView.storyboard in Resources */,
				19294C922252FEA600D09673 /* icons8-google-maps-48.png in Resources */,
				1939B5EB22D0247000E63F32 /* sun.png in Resources */,
				1917538322F78B7D00678745 /* addIcon.png in Resources */,
				19D1242C22EA8EFC00636C23 /* CustomizeTripDetails.storyboard in Resources */,
				1939B5F022D0248900E63F32 /* cloud.png in Resources */,
				1939B5EA22D0247000E63F32 /* snow.png in Resources */,
				191E3F9D22E2A08200F0893D /* Night.png in Resources */,
				191E3F9C22E2A08200F0893D /* CloudyNight.png in Resources */,
				1939B5F322D4180000E63F32 /* danger.png in Resources */,
				190E4419210BF958005160C7 /* LaunchScreen.storyboard in Resources */,
				1996FA6C23F856C6000F906E /* StormArrow.png in Resources */,
				191E3F9F22E3FADE00F0893D /* baseline_my_location_black_36dp.png in Resources */,
				1939B5EF22D0248900E63F32 /* rain.png in Resources */,
				190E4416210BF958005160C7 /* Assets.xcassets in Resources */,
				1996FA7023F85759000F906E /* SunArrow.png in Resources */,
				19F1FCF723F2662C007E3F2E /* GoogleService-Info.plist in Resources */,
				190E4414210BF951005160C7 /* Main.storyboard in Resources */,
				191EF2E5230505010049D7D1 /* BirdhouseWhiteLogo.png in Resources */,
				193AAD3322DFFD0100C6C6DA /* time.png in Resources */,
				1939B5E922D0247000E63F32 /* partlyCloudy.png in Resources */,
				19D1242E22EA8FD100636C23 /* WeatherMenu.storyboard in Resources */,
			);
			runOnlyForDeploymentPostprocessing = 0;
		};
		19E7B63B2235EA8B006CB3AF /* Resources */ = {
			isa = PBXResourcesBuildPhase;
			buildActionMask = 2147483647;
			files = (
			);
			runOnlyForDeploymentPostprocessing = 0;
		};
/* End PBXResourcesBuildPhase section */

/* Begin PBXShellScriptBuildPhase section */
		1680AC855968F5E3C6086E6D /* [CP] Embed Pods Frameworks */ = {
			isa = PBXShellScriptBuildPhase;
			buildActionMask = 2147483647;
			files = (
			);
			inputFileListPaths = (
				"${PODS_ROOT}/Target Support Files/Pods-InTheClear/Pods-InTheClear-frameworks-${CONFIGURATION}-input-files.xcfilelist",
			);
			name = "[CP] Embed Pods Frameworks";
			outputFileListPaths = (
				"${PODS_ROOT}/Target Support Files/Pods-InTheClear/Pods-InTheClear-frameworks-${CONFIGURATION}-output-files.xcfilelist",
			);
			runOnlyForDeploymentPostprocessing = 0;
			shellPath = /bin/sh;
			shellScript = "\"${PODS_ROOT}/Target Support Files/Pods-InTheClear/Pods-InTheClear-frameworks.sh\"\n";
			showEnvVarsInLog = 0;
		};
		956EAEE928628C1D2A3C171A /* [CP] Embed Pods Frameworks */ = {
			isa = PBXShellScriptBuildPhase;
			buildActionMask = 2147483647;
			files = (
			);
			inputFileListPaths = (
				"${PODS_ROOT}/Target Support Files/Pods-InTheClearTests/Pods-InTheClearTests-frameworks-${CONFIGURATION}-input-files.xcfilelist",
			);
			name = "[CP] Embed Pods Frameworks";
			outputFileListPaths = (
				"${PODS_ROOT}/Target Support Files/Pods-InTheClearTests/Pods-InTheClearTests-frameworks-${CONFIGURATION}-output-files.xcfilelist",
			);
			runOnlyForDeploymentPostprocessing = 0;
			shellPath = /bin/sh;
			shellScript = "\"${PODS_ROOT}/Target Support Files/Pods-InTheClearTests/Pods-InTheClearTests-frameworks.sh\"\n";
			showEnvVarsInLog = 0;
		};
		A8AA1B96094939AD11565567 /* [CP] Check Pods Manifest.lock */ = {
			isa = PBXShellScriptBuildPhase;
			buildActionMask = 2147483647;
			files = (
			);
			inputFileListPaths = (
			);
			inputPaths = (
				"${PODS_PODFILE_DIR_PATH}/Podfile.lock",
				"${PODS_ROOT}/Manifest.lock",
			);
			name = "[CP] Check Pods Manifest.lock";
			outputFileListPaths = (
			);
			outputPaths = (
				"$(DERIVED_FILE_DIR)/Pods-InTheClearTests-checkManifestLockResult.txt",
			);
			runOnlyForDeploymentPostprocessing = 0;
			shellPath = /bin/sh;
			shellScript = "diff \"${PODS_PODFILE_DIR_PATH}/Podfile.lock\" \"${PODS_ROOT}/Manifest.lock\" > /dev/null\nif [ $? != 0 ] ; then\n    # print error to STDERR\n    echo \"error: The sandbox is not in sync with the Podfile.lock. Run 'pod install' or update your CocoaPods installation.\" >&2\n    exit 1\nfi\n# This output is used by Xcode 'outputs' to avoid re-running this script phase.\necho \"SUCCESS\" > \"${SCRIPT_OUTPUT_FILE_0}\"\n";
			showEnvVarsInLog = 0;
		};
		B9F634879FF820FC1AEB9CB9 /* [CP] Check Pods Manifest.lock */ = {
			isa = PBXShellScriptBuildPhase;
			buildActionMask = 2147483647;
			files = (
			);
			inputPaths = (
				"${PODS_PODFILE_DIR_PATH}/Podfile.lock",
				"${PODS_ROOT}/Manifest.lock",
			);
			name = "[CP] Check Pods Manifest.lock";
			outputPaths = (
				"$(DERIVED_FILE_DIR)/Pods-InTheClear-checkManifestLockResult.txt",
			);
			runOnlyForDeploymentPostprocessing = 0;
			shellPath = /bin/sh;
			shellScript = "diff \"${PODS_PODFILE_DIR_PATH}/Podfile.lock\" \"${PODS_ROOT}/Manifest.lock\" > /dev/null\nif [ $? != 0 ] ; then\n    # print error to STDERR\n    echo \"error: The sandbox is not in sync with the Podfile.lock. Run 'pod install' or update your CocoaPods installation.\" >&2\n    exit 1\nfi\n# This output is used by Xcode 'outputs' to avoid re-running this script phase.\necho \"SUCCESS\" > \"${SCRIPT_OUTPUT_FILE_0}\"\n";
			showEnvVarsInLog = 0;
		};
		D3A11D013613576F5D0E2DFB /* [CP] Copy Pods Resources */ = {
			isa = PBXShellScriptBuildPhase;
			buildActionMask = 2147483647;
			files = (
			);
			inputFileListPaths = (
				"${PODS_ROOT}/Target Support Files/Pods-InTheClear/Pods-InTheClear-resources-${CONFIGURATION}-input-files.xcfilelist",
			);
			name = "[CP] Copy Pods Resources";
			outputFileListPaths = (
				"${PODS_ROOT}/Target Support Files/Pods-InTheClear/Pods-InTheClear-resources-${CONFIGURATION}-output-files.xcfilelist",
			);
			runOnlyForDeploymentPostprocessing = 0;
			shellPath = /bin/sh;
			shellScript = "\"${PODS_ROOT}/Target Support Files/Pods-InTheClear/Pods-InTheClear-resources.sh\"\n";
			showEnvVarsInLog = 0;
		};
		E912D09F688346EEFC64AED4 /* [CP] Copy Pods Resources */ = {
			isa = PBXShellScriptBuildPhase;
			buildActionMask = 2147483647;
			files = (
			);
			inputFileListPaths = (
				"${PODS_ROOT}/Target Support Files/Pods-InTheClearTests/Pods-InTheClearTests-resources-${CONFIGURATION}-input-files.xcfilelist",
			);
			name = "[CP] Copy Pods Resources";
			outputFileListPaths = (
				"${PODS_ROOT}/Target Support Files/Pods-InTheClearTests/Pods-InTheClearTests-resources-${CONFIGURATION}-output-files.xcfilelist",
			);
			runOnlyForDeploymentPostprocessing = 0;
			shellPath = /bin/sh;
			shellScript = "\"${PODS_ROOT}/Target Support Files/Pods-InTheClearTests/Pods-InTheClearTests-resources.sh\"\n";
			showEnvVarsInLog = 0;
		};
/* End PBXShellScriptBuildPhase section */

/* Begin PBXSourcesBuildPhase section */
		190E4407210BF951005160C7 /* Sources */ = {
			isa = PBXSourcesBuildPhase;
			buildActionMask = 2147483647;
			files = (
				19173CED22ED2465001BC2DF /* GMSAutocompleteTripDetails.swift in Sources */,
				19DB7AD3234148EE008426B2 /* Constants.swift in Sources */,
				19C914BE21829BCE002EA1DB /* WeatherTableViewCell.swift in Sources */,
				19173CEB22EBF161001BC2DF /* TripDetailsTableViewCell.swift in Sources */,
				194AD985212E4B620034572D /* URLConfig.swift in Sources */,
				1942A6AD22594F1B00ABFF83 /* viewControllerSetup.swift in Sources */,
				190E987F23F76A3600C1C2C3 /* RealmManager.swift in Sources */,
				19CB09B8210BF9EB00CC2AA1 /* GMSAutocompleteViewController.swift in Sources */,
				19C914BA217575D0002EA1DB /* WeatherMenu.swift in Sources */,
				19365E0823CEBC600060D11C /* LoginAPIRequests.swift in Sources */,
				19C914C021829D5A002EA1DB /* weatherData.swift in Sources */,
				19D98A3423CBC34200BD8184 /* LoginController.swift in Sources */,
				19BA598C23EBC12B00B6F207 /* LoginViewSetup.swift in Sources */,
				190E4411210BF951005160C7 /* ViewController.swift in Sources */,
				19D1243222EBD67400636C23 /* tripDetailsModal.swift in Sources */,
				194AD989215331940034572D /* Weather.swift in Sources */,
				19173CF322EFD10D001BC2DF /* CustomizeTripDetailsView.swift in Sources */,
				191EF2E122FBB7260049D7D1 /* TripDetailsAPIRequest.swift in Sources */,
				190E987D23F7680F00C1C2C3 /* UserData.swift in Sources */,
				193AAD3122DC16E900C6C6DA /* CustomizeTripDetails.swift in Sources */,
				19D1243022EA9B6C00636C23 /* tripDataModal.swift in Sources */,
				193AAD2F22D5810D00C6C6DA /* APIRequests.swift in Sources */,
				19D1242522EA87E100636C23 /* WeatherMenuView.swift in Sources */,
				190E440F210BF951005160C7 /* AppDelegate.swift in Sources */,
			);
			runOnlyForDeploymentPostprocessing = 0;
		};
		19E7B6392235EA8B006CB3AF /* Sources */ = {
			isa = PBXSourcesBuildPhase;
			buildActionMask = 2147483647;
			files = (
				19E25A4E2308B94600679D49 /* CustomizeTripDetailsTest.swift in Sources */,
				19E7B6402235EA8B006CB3AF /* InTheClearTests.swift in Sources */,
				1996FA6423F7A50D000F906E /* TripDataModalTest.swift in Sources */,
				19E7B6482235ED27006CB3AF /* WeatherTableTests.swift in Sources */,
				1996FA6023F79C80000F906E /* RealmTests.swift in Sources */,
				1996FA6623F7AA22000F906E /* TripDetailsModalTest.swift in Sources */,
			);
			runOnlyForDeploymentPostprocessing = 0;
		};
/* End PBXSourcesBuildPhase section */

/* Begin PBXTargetDependency section */
		19E7B6432235EA8B006CB3AF /* PBXTargetDependency */ = {
			isa = PBXTargetDependency;
			target = 190E440A210BF951005160C7 /* InTheClear */;
			targetProxy = 19E7B6422235EA8B006CB3AF /* PBXContainerItemProxy */;
		};
/* End PBXTargetDependency section */

/* Begin PBXVariantGroup section */
		190E4412210BF951005160C7 /* Main.storyboard */ = {
			isa = PBXVariantGroup;
			children = (
				190E4413210BF951005160C7 /* Base */,
			);
			name = Main.storyboard;
			sourceTree = "<group>";
		};
		190E4417210BF958005160C7 /* LaunchScreen.storyboard */ = {
			isa = PBXVariantGroup;
			children = (
				190E4418210BF958005160C7 /* Base */,
			);
			name = LaunchScreen.storyboard;
			sourceTree = "<group>";
		};
/* End PBXVariantGroup section */

/* Begin XCBuildConfiguration section */
		190E441B210BF958005160C7 /* Debug */ = {
			isa = XCBuildConfiguration;
			buildSettings = {
				ALWAYS_SEARCH_USER_PATHS = NO;
				CLANG_ANALYZER_NONNULL = YES;
				CLANG_ANALYZER_NUMBER_OBJECT_CONVERSION = YES_AGGRESSIVE;
				CLANG_CXX_LANGUAGE_STANDARD = "gnu++14";
				CLANG_CXX_LIBRARY = "libc++";
				CLANG_ENABLE_MODULES = YES;
				CLANG_ENABLE_OBJC_ARC = YES;
				CLANG_ENABLE_OBJC_WEAK = YES;
				CLANG_WARN_BLOCK_CAPTURE_AUTORELEASING = YES;
				CLANG_WARN_BOOL_CONVERSION = YES;
				CLANG_WARN_COMMA = YES;
				CLANG_WARN_CONSTANT_CONVERSION = YES;
				CLANG_WARN_DEPRECATED_OBJC_IMPLEMENTATIONS = YES;
				CLANG_WARN_DIRECT_OBJC_ISA_USAGE = YES_ERROR;
				CLANG_WARN_DOCUMENTATION_COMMENTS = YES;
				CLANG_WARN_EMPTY_BODY = YES;
				CLANG_WARN_ENUM_CONVERSION = YES;
				CLANG_WARN_INFINITE_RECURSION = YES;
				CLANG_WARN_INT_CONVERSION = YES;
				CLANG_WARN_NON_LITERAL_NULL_CONVERSION = YES;
				CLANG_WARN_OBJC_IMPLICIT_RETAIN_SELF = YES;
				CLANG_WARN_OBJC_LITERAL_CONVERSION = YES;
				CLANG_WARN_OBJC_ROOT_CLASS = YES_ERROR;
				CLANG_WARN_RANGE_LOOP_ANALYSIS = YES;
				CLANG_WARN_STRICT_PROTOTYPES = YES;
				CLANG_WARN_SUSPICIOUS_MOVE = YES;
				CLANG_WARN_UNGUARDED_AVAILABILITY = YES_AGGRESSIVE;
				CLANG_WARN_UNREACHABLE_CODE = YES;
				CLANG_WARN__DUPLICATE_METHOD_MATCH = YES;
				CODE_SIGN_IDENTITY = "iPhone Developer";
				COPY_PHASE_STRIP = NO;
				DEBUG_INFORMATION_FORMAT = dwarf;
				ENABLE_STRICT_OBJC_MSGSEND = YES;
				ENABLE_TESTABILITY = YES;
				GCC_C_LANGUAGE_STANDARD = gnu11;
				GCC_DYNAMIC_NO_PIC = NO;
				GCC_NO_COMMON_BLOCKS = YES;
				GCC_OPTIMIZATION_LEVEL = 0;
				GCC_PREPROCESSOR_DEFINITIONS = (
					"DEBUG=1",
					"$(inherited)",
				);
				GCC_WARN_64_TO_32_BIT_CONVERSION = YES;
				GCC_WARN_ABOUT_RETURN_TYPE = YES_ERROR;
				GCC_WARN_UNDECLARED_SELECTOR = YES;
				GCC_WARN_UNINITIALIZED_AUTOS = YES_AGGRESSIVE;
				GCC_WARN_UNUSED_FUNCTION = YES;
				GCC_WARN_UNUSED_VARIABLE = YES;
				IPHONEOS_DEPLOYMENT_TARGET = 13.2;
				MTL_ENABLE_DEBUG_INFO = YES;
				ONLY_ACTIVE_ARCH = YES;
				SDKROOT = iphoneos;
				SWIFT_ACTIVE_COMPILATION_CONDITIONS = DEBUG;
				SWIFT_OPTIMIZATION_LEVEL = "-Onone";
				VALID_ARCHS = "arm64 arm64e armv7s";
			};
			name = Debug;
		};
		190E441C210BF958005160C7 /* Release */ = {
			isa = XCBuildConfiguration;
			buildSettings = {
				ALWAYS_SEARCH_USER_PATHS = NO;
				CLANG_ANALYZER_NONNULL = YES;
				CLANG_ANALYZER_NUMBER_OBJECT_CONVERSION = YES_AGGRESSIVE;
				CLANG_CXX_LANGUAGE_STANDARD = "gnu++14";
				CLANG_CXX_LIBRARY = "libc++";
				CLANG_ENABLE_MODULES = YES;
				CLANG_ENABLE_OBJC_ARC = YES;
				CLANG_ENABLE_OBJC_WEAK = YES;
				CLANG_WARN_BLOCK_CAPTURE_AUTORELEASING = YES;
				CLANG_WARN_BOOL_CONVERSION = YES;
				CLANG_WARN_COMMA = YES;
				CLANG_WARN_CONSTANT_CONVERSION = YES;
				CLANG_WARN_DEPRECATED_OBJC_IMPLEMENTATIONS = YES;
				CLANG_WARN_DIRECT_OBJC_ISA_USAGE = YES_ERROR;
				CLANG_WARN_DOCUMENTATION_COMMENTS = YES;
				CLANG_WARN_EMPTY_BODY = YES;
				CLANG_WARN_ENUM_CONVERSION = YES;
				CLANG_WARN_INFINITE_RECURSION = YES;
				CLANG_WARN_INT_CONVERSION = YES;
				CLANG_WARN_NON_LITERAL_NULL_CONVERSION = YES;
				CLANG_WARN_OBJC_IMPLICIT_RETAIN_SELF = YES;
				CLANG_WARN_OBJC_LITERAL_CONVERSION = YES;
				CLANG_WARN_OBJC_ROOT_CLASS = YES_ERROR;
				CLANG_WARN_RANGE_LOOP_ANALYSIS = YES;
				CLANG_WARN_STRICT_PROTOTYPES = YES;
				CLANG_WARN_SUSPICIOUS_MOVE = YES;
				CLANG_WARN_UNGUARDED_AVAILABILITY = YES_AGGRESSIVE;
				CLANG_WARN_UNREACHABLE_CODE = YES;
				CLANG_WARN__DUPLICATE_METHOD_MATCH = YES;
				CODE_SIGN_IDENTITY = "iPhone Developer";
				COPY_PHASE_STRIP = NO;
				DEBUG_INFORMATION_FORMAT = "dwarf-with-dsym";
				ENABLE_NS_ASSERTIONS = NO;
				ENABLE_STRICT_OBJC_MSGSEND = YES;
				GCC_C_LANGUAGE_STANDARD = gnu11;
				GCC_NO_COMMON_BLOCKS = YES;
				GCC_WARN_64_TO_32_BIT_CONVERSION = YES;
				GCC_WARN_ABOUT_RETURN_TYPE = YES_ERROR;
				GCC_WARN_UNDECLARED_SELECTOR = YES;
				GCC_WARN_UNINITIALIZED_AUTOS = YES_AGGRESSIVE;
				GCC_WARN_UNUSED_FUNCTION = YES;
				GCC_WARN_UNUSED_VARIABLE = YES;
				IPHONEOS_DEPLOYMENT_TARGET = 13.2;
				MTL_ENABLE_DEBUG_INFO = NO;
				SDKROOT = iphoneos;
				SWIFT_COMPILATION_MODE = wholemodule;
				SWIFT_OPTIMIZATION_LEVEL = "-O";
				VALIDATE_PRODUCT = YES;
				VALID_ARCHS = "arm64 arm64e armv7s";
			};
			name = Release;
		};
		190E441E210BF958005160C7 /* Debug */ = {
			isa = XCBuildConfiguration;
			baseConfigurationReference = 6EFDB5AEA21525D2F140E5C6 /* Pods-InTheClear.debug.xcconfig */;
			buildSettings = {
				ASSETCATALOG_COMPILER_APPICON_NAME = AppIcon;
				CODE_SIGN_ENTITLEMENTS = InTheClear/InTheClear.entitlements;
				CODE_SIGN_STYLE = Automatic;
				DEVELOPMENT_TEAM = 5SDXLU4YE3;
				INFOPLIST_FILE = InTheClear/Info.plist;
				IPHONEOS_DEPLOYMENT_TARGET = 13.2;
				LD_RUNPATH_SEARCH_PATHS = (
					"$(inherited)",
					"@executable_path/Frameworks",
				);
				PRODUCT_BUNDLE_IDENTIFIER = SauderTech.InTheClear;
				PRODUCT_NAME = "$(TARGET_NAME)";
				SWIFT_VERSION = 5.0;
				TARGETED_DEVICE_FAMILY = "1,2";
			};
			name = Debug;
		};
		190E441F210BF958005160C7 /* Release */ = {
			isa = XCBuildConfiguration;
			baseConfigurationReference = 55B2108269BD305D3AC81FEE /* Pods-InTheClear.release.xcconfig */;
			buildSettings = {
				ASSETCATALOG_COMPILER_APPICON_NAME = AppIcon;
				CODE_SIGN_ENTITLEMENTS = InTheClear/InTheClear.entitlements;
				CODE_SIGN_STYLE = Automatic;
				DEVELOPMENT_TEAM = 5SDXLU4YE3;
				INFOPLIST_FILE = InTheClear/Info.plist;
				IPHONEOS_DEPLOYMENT_TARGET = 13.2;
				LD_RUNPATH_SEARCH_PATHS = (
					"$(inherited)",
					"@executable_path/Frameworks",
				);
				PRODUCT_BUNDLE_IDENTIFIER = SauderTech.InTheClear;
				PRODUCT_NAME = "$(TARGET_NAME)";
				SWIFT_VERSION = 5.0;
				TARGETED_DEVICE_FAMILY = "1,2";
			};
			name = Release;
		};
		19E7B6452235EA8B006CB3AF /* Debug */ = {
			isa = XCBuildConfiguration;
			baseConfigurationReference = 68C7662AA1B22A50F213806B /* Pods-InTheClearTests.debug.xcconfig */;
			buildSettings = {
				BUNDLE_LOADER = "$(TEST_HOST)";
				CODE_SIGN_STYLE = Automatic;
				DEVELOPMENT_TEAM = 5SDXLU4YE3;
				INFOPLIST_FILE = InTheClearTests/Info.plist;
				IPHONEOS_DEPLOYMENT_TARGET = 13.2;
				LD_RUNPATH_SEARCH_PATHS = (
					"$(inherited)",
					"@executable_path/Frameworks",
					"@loader_path/Frameworks",
				);
				MTL_ENABLE_DEBUG_INFO = INCLUDE_SOURCE;
				MTL_FAST_MATH = YES;
				PRODUCT_BUNDLE_IDENTIFIER = SauderTech.InTheClearTests;
				PRODUCT_NAME = "$(TARGET_NAME)";
				SWIFT_VERSION = 5.0;
				TARGETED_DEVICE_FAMILY = "1,2";
				TEST_HOST = "$(BUILT_PRODUCTS_DIR)/InTheClear.app/InTheClear";
			};
			name = Debug;
		};
		19E7B6462235EA8B006CB3AF /* Release */ = {
			isa = XCBuildConfiguration;
			baseConfigurationReference = E9D29B1BC3281EC30310B155 /* Pods-InTheClearTests.release.xcconfig */;
			buildSettings = {
				BUNDLE_LOADER = "$(TEST_HOST)";
				CODE_SIGN_STYLE = Automatic;
				DEVELOPMENT_TEAM = 5SDXLU4YE3;
				INFOPLIST_FILE = InTheClearTests/Info.plist;
				IPHONEOS_DEPLOYMENT_TARGET = 13.2;
				LD_RUNPATH_SEARCH_PATHS = (
					"$(inherited)",
					"@executable_path/Frameworks",
					"@loader_path/Frameworks",
				);
				MTL_FAST_MATH = YES;
				PRODUCT_BUNDLE_IDENTIFIER = SauderTech.InTheClearTests;
				PRODUCT_NAME = "$(TARGET_NAME)";
				SWIFT_VERSION = 5.0;
				TARGETED_DEVICE_FAMILY = "1,2";
				TEST_HOST = "$(BUILT_PRODUCTS_DIR)/InTheClear.app/InTheClear";
			};
			name = Release;
		};
/* End XCBuildConfiguration section */

/* Begin XCConfigurationList section */
		190E4406210BF951005160C7 /* Build configuration list for PBXProject "InTheClear" */ = {
			isa = XCConfigurationList;
			buildConfigurations = (
				190E441B210BF958005160C7 /* Debug */,
				190E441C210BF958005160C7 /* Release */,
			);
			defaultConfigurationIsVisible = 0;
			defaultConfigurationName = Release;
		};
		190E441D210BF958005160C7 /* Build configuration list for PBXNativeTarget "InTheClear" */ = {
			isa = XCConfigurationList;
			buildConfigurations = (
				190E441E210BF958005160C7 /* Debug */,
				190E441F210BF958005160C7 /* Release */,
			);
			defaultConfigurationIsVisible = 0;
			defaultConfigurationName = Release;
		};
		19E7B6442235EA8B006CB3AF /* Build configuration list for PBXNativeTarget "InTheClearTests" */ = {
			isa = XCConfigurationList;
			buildConfigurations = (
				19E7B6452235EA8B006CB3AF /* Debug */,
				19E7B6462235EA8B006CB3AF /* Release */,
			);
			defaultConfigurationIsVisible = 0;
			defaultConfigurationName = Release;
		};
/* End XCConfigurationList section */
	};
	rootObject = 190E4403210BF951005160C7 /* Project object */;
}
